
Microsoft Visual Studio Solution File, Format Version 12.00
# Visual Studio Version 17
VisualStudioVersion = 17.2.32616.157
MinimumVisualStudioVersion = 10.0.40219.1
Project("{9A19103F-16F7-4668-BE54-9A1E7A4F7556}") = "Person", "Person\Person.csproj", "{8E4960C8-26D6-4679-98D3-40583B1CD480}"
EndProject
Project("{9A19103F-16F7-4668-BE54-9A1E7A4F7556}") = "Zoo", "Zoo\Zoo.csproj", "{808F4FC3-4DDB-490B-AE24-FA8A89278D8A}"
EndProject
Project("{9A19103F-16F7-4668-BE54-9A1E7A4F7556}") = "PlayersAndMonsters", "PlayersAndMonsters\PlayersAndMonsters.csproj", "{7487ED19-D4EF-4F6F-8175-9D887F6C3825}"
EndProject
Project("{9A19103F-16F7-4668-BE54-9A1E7A4F7556}") = "NeedForSpeed", "NeedForSpeed\NeedForSpeed.csproj", "{3C182A88-7CF6-4065-84C7-4101DCC9497C}"
EndProject
Project("{9A19103F-16F7-4668-BE54-9A1E7A4F7556}") = "Restaurant", "Restaurant\Restaurant.csproj", "{BC86310A-5A59-46DC-B06F-FE6E22CA597C}"
EndProject
Project("{9A19103F-16F7-4668-BE54-9A1E7A4F7556}") = "Animals", "Animals\Animals.csproj", "{E9FB2DF0-6355-483F-B715-E5AA5D1BEC77}"
EndProject
Project("{FAE04EC0-301F-11D3-BF4B-00C04F79EFBC}") = "ClassBoxData", "ClassBoxData\ClassBoxData.csproj", "{A1F41FAF-5D68-4BDF-8A98-055A996FBF04}"
EndProject
Project("{9A19103F-16F7-4668-BE54-9A1E7A4F7556}") = "AnimalFarm", "AnimalFarm\AnimalFarm.csproj", "{0C9C0201-D533-4DDF-A4EA-D600BA509580}"
EndProject
Project("{FAE04EC0-301F-11D3-BF4B-00C04F79EFBC}") = "ShoppingSpree", "ShoppingSpree\ShoppingSpree.csproj", "{B3632E2E-6D21-4FEA-BD89-B6BBB42931CD}"
EndProject
Project("{9A19103F-16F7-4668-BE54-9A1E7A4F7556}") = "PizzaCalories", "PizzaCalories\PizzaCalories.csproj", "{61116AA8-541F-488C-AA48-B09DDD1B5337}"
EndProject
Project("{FAE04EC0-301F-11D3-BF4B-00C04F79EFBC}") = "DefineanInterfaceIPerson", "DefineanInterfaceIPerson\DefineanInterfaceIPerson.csproj", "{1AE1E6F1-B2CF-4EBF-9FDE-4A5DA91D1240}"
EndProject
Project("{9A19103F-16F7-4668-BE54-9A1E7A4F7556}") = "MultipleImplementation", "MultipleImplementation\MultipleImplementation.csproj", "{222FB2CD-B863-4187-BE6A-95F54AECEFF2}"
EndProject
Project("{FAE04EC0-301F-11D3-BF4B-00C04F79EFBC}") = "Telephony", "Telephony\Telephony.csproj", "{EE665B11-FA5C-46F3-898B-3FCAB6EFFED7}"
EndProject
Global
	GlobalSection(SolutionConfigurationPlatforms) = preSolution
		Debug|Any CPU = Debug|Any CPU
		Release|Any CPU = Release|Any CPU
	EndGlobalSection
	GlobalSection(ProjectConfigurationPlatforms) = postSolution
		{8E4960C8-26D6-4679-98D3-40583B1CD480}.Debug|Any CPU.ActiveCfg = Debug|Any CPU
		{8E4960C8-26D6-4679-98D3-40583B1CD480}.Debug|Any CPU.Build.0 = Debug|Any CPU
		{8E4960C8-26D6-4679-98D3-40583B1CD480}.Release|Any CPU.ActiveCfg = Release|Any CPU
		{8E4960C8-26D6-4679-98D3-40583B1CD480}.Release|Any CPU.Build.0 = Release|Any CPU
		{808F4FC3-4DDB-490B-AE24-FA8A89278D8A}.Debug|Any CPU.ActiveCfg = Debug|Any CPU
		{808F4FC3-4DDB-490B-AE24-FA8A89278D8A}.Debug|Any CPU.Build.0 = Debug|Any CPU
		{808F4FC3-4DDB-490B-AE24-FA8A89278D8A}.Release|Any CPU.ActiveCfg = Release|Any CPU
		{808F4FC3-4DDB-490B-AE24-FA8A89278D8A}.Release|Any CPU.Build.0 = Release|Any CPU
		{7487ED19-D4EF-4F6F-8175-9D887F6C3825}.Debug|Any CPU.ActiveCfg = Debug|Any CPU
		{7487ED19-D4EF-4F6F-8175-9D887F6C3825}.Debug|Any CPU.Build.0 = Debug|Any CPU
		{7487ED19-D4EF-4F6F-8175-9D887F6C3825}.Release|Any CPU.ActiveCfg = Release|Any CPU
		{7487ED19-D4EF-4F6F-8175-9D887F6C3825}.Release|Any CPU.Build.0 = Release|Any CPU
		{3C182A88-7CF6-4065-84C7-4101DCC9497C}.Debug|Any CPU.ActiveCfg = Debug|Any CPU
		{3C182A88-7CF6-4065-84C7-4101DCC9497C}.Debug|Any CPU.Build.0 = Debug|Any CPU
		{3C182A88-7CF6-4065-84C7-4101DCC9497C}.Release|Any CPU.ActiveCfg = Release|Any CPU
		{3C182A88-7CF6-4065-84C7-4101DCC9497C}.Release|Any CPU.Build.0 = Release|Any CPU
		{BC86310A-5A59-46DC-B06F-FE6E22CA597C}.Debug|Any CPU.ActiveCfg = Debug|Any CPU
		{BC86310A-5A59-46DC-B06F-FE6E22CA597C}.Debug|Any CPU.Build.0 = Debug|Any CPU
		{BC86310A-5A59-46DC-B06F-FE6E22CA597C}.Release|Any CPU.ActiveCfg = Release|Any CPU
		{BC86310A-5A59-46DC-B06F-FE6E22CA597C}.Release|Any CPU.Build.0 = Release|Any CPU
		{E9FB2DF0-6355-483F-B715-E5AA5D1BEC77}.Debug|Any CPU.ActiveCfg = Debug|Any CPU
		{E9FB2DF0-6355-483F-B715-E5AA5D1BEC77}.Debug|Any CPU.Build.0 = Debug|Any CPU
		{E9FB2DF0-6355-483F-B715-E5AA5D1BEC77}.Release|Any CPU.ActiveCfg = Release|Any CPU
		{E9FB2DF0-6355-483F-B715-E5AA5D1BEC77}.Release|Any CPU.Build.0 = Release|Any CPU
		{A1F41FAF-5D68-4BDF-8A98-055A996FBF04}.Debug|Any CPU.ActiveCfg = Debug|Any CPU
		{A1F41FAF-5D68-4BDF-8A98-055A996FBF04}.Debug|Any CPU.Build.0 = Debug|Any CPU
		{A1F41FAF-5D68-4BDF-8A98-055A996FBF04}.Release|Any CPU.ActiveCfg = Release|Any CPU
		{A1F41FAF-5D68-4BDF-8A98-055A996FBF04}.Release|Any CPU.Build.0 = Release|Any CPU
		{0C9C0201-D533-4DDF-A4EA-D600BA509580}.Debug|Any CPU.ActiveCfg = Debug|Any CPU
		{0C9C0201-D533-4DDF-A4EA-D600BA509580}.Debug|Any CPU.Build.0 = Debug|Any CPU
		{0C9C0201-D533-4DDF-A4EA-D600BA509580}.Release|Any CPU.ActiveCfg = Release|Any CPU
		{0C9C0201-D533-4DDF-A4EA-D600BA509580}.Release|Any CPU.Build.0 = Release|Any CPU
		{B3632E2E-6D21-4FEA-BD89-B6BBB42931CD}.Debug|Any CPU.ActiveCfg = Debug|Any CPU
		{B3632E2E-6D21-4FEA-BD89-B6BBB42931CD}.Debug|Any CPU.Build.0 = Debug|Any CPU
		{B3632E2E-6D21-4FEA-BD89-B6BBB42931CD}.Release|Any CPU.ActiveCfg = Release|Any CPU
		{B3632E2E-6D21-4FEA-BD89-B6BBB42931CD}.Release|Any CPU.Build.0 = Release|Any CPU
		{61116AA8-541F-488C-AA48-B09DDD1B5337}.Debug|Any CPU.ActiveCfg = Debug|Any CPU
		{61116AA8-541F-488C-AA48-B09DDD1B5337}.Debug|Any CPU.Build.0 = Debug|Any CPU
		{61116AA8-541F-488C-AA48-B09DDD1B5337}.Release|Any CPU.ActiveCfg = Release|Any CPU
		{61116AA8-541F-488C-AA48-B09DDD1B5337}.Release|Any CPU.Build.0 = Release|Any CPU
		{1AE1E6F1-B2CF-4EBF-9FDE-4A5DA91D1240}.Debug|Any CPU.ActiveCfg = Debug|Any CPU
		{1AE1E6F1-B2CF-4EBF-9FDE-4A5DA91D1240}.Debug|Any CPU.Build.0 = Debug|Any CPU
		{1AE1E6F1-B2CF-4EBF-9FDE-4A5DA91D1240}.Release|Any CPU.ActiveCfg = Release|Any CPU
		{1AE1E6F1-B2CF-4EBF-9FDE-4A5DA91D1240}.Release|Any CPU.Build.0 = Release|Any CPU
		{222FB2CD-B863-4187-BE6A-95F54AECEFF2}.Debug|Any CPU.ActiveCfg = Debug|Any CPU
		{222FB2CD-B863-4187-BE6A-95F54AECEFF2}.Debug|Any CPU.Build.0 = Debug|Any CPU
		{222FB2CD-B863-4187-BE6A-95F54AECEFF2}.Release|Any CPU.ActiveCfg = Release|Any CPU
		{222FB2CD-B863-4187-BE6A-95F54AECEFF2}.Release|Any CPU.Build.0 = Release|Any CPU
		{EE665B11-FA5C-46F3-898B-3FCAB6EFFED7}.Debug|Any CPU.ActiveCfg = Debug|Any CPU
		{EE665B11-FA5C-46F3-898B-3FCAB6EFFED7}.Debug|Any CPU.Build.0 = Debug|Any CPU
		{EE665B11-FA5C-46F3-898B-3FCAB6EFFED7}.Release|Any CPU.ActiveCfg = Release|Any CPU
		{EE665B11-FA5C-46F3-898B-3FCAB6EFFED7}.Release|Any CPU.Build.0 = Release|Any CPU
	EndGlobalSection
	GlobalSection(SolutionProperties) = preSolution
		HideSolutionNode = FALSE
	EndGlobalSection
	GlobalSection(ExtensibilityGlobals) = postSolution
		SolutionGuid = {DE076BC7-7F53-436A-B2AF-7B78D97FDE1D}
	EndGlobalSection
EndGlobal
